// !$*UTF8*$!
{
	archiveVersion = 1;
	classes = {
	};
	objectVersion = 56;
	objects = {

/* Begin PBXBuildFile section */
		6526D0692B50F6830037EE0F /* AppDelegate.swift in Sources */ = {isa = PBXBuildFile; fileRef = 6526D0682B50F6830037EE0F /* AppDelegate.swift */; };
		6526D06B2B50F6830037EE0F /* SceneDelegate.swift in Sources */ = {isa = PBXBuildFile; fileRef = 6526D06A2B50F6830037EE0F /* SceneDelegate.swift */; };
		6526D06D2B50F6830037EE0F /* ViewController.swift in Sources */ = {isa = PBXBuildFile; fileRef = 6526D06C2B50F6830037EE0F /* ViewController.swift */; };
		6526D0702B50F6830037EE0F /* Main.storyboard in Resources */ = {isa = PBXBuildFile; fileRef = 6526D06E2B50F6830037EE0F /* Main.storyboard */; };
		6526D0722B50F6840037EE0F /* Assets.xcassets in Resources */ = {isa = PBXBuildFile; fileRef = 6526D0712B50F6840037EE0F /* Assets.xcassets */; };
		6526D0752B50F6840037EE0F /* LaunchScreen.storyboard in Resources */ = {isa = PBXBuildFile; fileRef = 6526D0732B50F6840037EE0F /* LaunchScreen.storyboard */; };
		6526D07D2B50F6AE0037EE0F /* APIController.swift in Sources */ = {isa = PBXBuildFile; fileRef = 6526D07C2B50F6AE0037EE0F /* APIController.swift */; };
		6526D0832B51145F0037EE0F /* InfoViewController.swift in Sources */ = {isa = PBXBuildFile; fileRef = 6526D0812B51145F0037EE0F /* InfoViewController.swift */; };
		6526D0842B51145F0037EE0F /* InfoViewController.xib in Resources */ = {isa = PBXBuildFile; fileRef = 6526D0822B51145F0037EE0F /* InfoViewController.xib */; };
		6526D0862B512B600037EE0F /* DataStruct.swift in Sources */ = {isa = PBXBuildFile; fileRef = 6526D0852B512B600037EE0F /* DataStruct.swift */; };
		6526D0892B512DC80037EE0F /* InfoViewModel.swift in Sources */ = {isa = PBXBuildFile; fileRef = 6526D0882B512DC80037EE0F /* InfoViewModel.swift */; };
		6526D0912B5268A30037EE0F /* FriendListViewController.swift in Sources */ = {isa = PBXBuildFile; fileRef = 6526D08F2B5268A30037EE0F /* FriendListViewController.swift */; };
		6526D0922B5268A30037EE0F /* FriendListViewController.xib in Resources */ = {isa = PBXBuildFile; fileRef = 6526D0902B5268A30037EE0F /* FriendListViewController.xib */; };
		6526D0952B526C9B0037EE0F /* FriendViewCell.swift in Sources */ = {isa = PBXBuildFile; fileRef = 6526D0932B526C9B0037EE0F /* FriendViewCell.swift */; };
		6526D0962B526C9B0037EE0F /* FriendViewCell.xib in Resources */ = {isa = PBXBuildFile; fileRef = 6526D0942B526C9B0037EE0F /* FriendViewCell.xib */; };
		6526D09C2B527EB00037EE0F /* FriendListSearchResultTableViewController.swift in Sources */ = {isa = PBXBuildFile; fileRef = 6526D09B2B527EB00037EE0F /* FriendListSearchResultTableViewController.swift */; };
		6526D0A72B52B2320037EE0F /* InvitationListCollectionViewController.swift in Sources */ = {isa = PBXBuildFile; fileRef = 6526D0A52B52B2320037EE0F /* InvitationListCollectionViewController.swift */; };
		6526D0A82B52B2320037EE0F /* InvitationListCollectionViewController.xib in Resources */ = {isa = PBXBuildFile; fileRef = 6526D0A62B52B2320037EE0F /* InvitationListCollectionViewController.xib */; };
		6526D0AB2B52B26E0037EE0F /* InvitationCollectionViewCell.swift in Sources */ = {isa = PBXBuildFile; fileRef = 6526D0A92B52B26E0037EE0F /* InvitationCollectionViewCell.swift */; };
		6526D0AC2B52B26E0037EE0F /* InvitationCollectionViewCell.xib in Resources */ = {isa = PBXBuildFile; fileRef = 6526D0AA2B52B26E0037EE0F /* InvitationCollectionViewCell.xib */; };
/* End PBXBuildFile section */

/* Begin PBXFileReference section */
		6526D0652B50F6830037EE0F /* NewApp.app */ = {isa = PBXFileReference; explicitFileType = wrapper.application; includeInIndex = 0; path = NewApp.app; sourceTree = BUILT_PRODUCTS_DIR; };
		6526D0682B50F6830037EE0F /* AppDelegate.swift */ = {isa = PBXFileReference; lastKnownFileType = sourcecode.swift; path = AppDelegate.swift; sourceTree = "<group>"; };
		6526D06A2B50F6830037EE0F /* SceneDelegate.swift */ = {isa = PBXFileReference; lastKnownFileType = sourcecode.swift; path = SceneDelegate.swift; sourceTree = "<group>"; };
		6526D06C2B50F6830037EE0F /* ViewController.swift */ = {isa = PBXFileReference; lastKnownFileType = sourcecode.swift; path = ViewController.swift; sourceTree = "<group>"; };
		6526D06F2B50F6830037EE0F /* Base */ = {isa = PBXFileReference; lastKnownFileType = file.storyboard; name = Base; path = Base.lproj/Main.storyboard; sourceTree = "<group>"; };
		6526D0712B50F6840037EE0F /* Assets.xcassets */ = {isa = PBXFileReference; lastKnownFileType = folder.assetcatalog; path = Assets.xcassets; sourceTree = "<group>"; };
		6526D0742B50F6840037EE0F /* Base */ = {isa = PBXFileReference; lastKnownFileType = file.storyboard; name = Base; path = Base.lproj/LaunchScreen.storyboard; sourceTree = "<group>"; };
		6526D0762B50F6840037EE0F /* Info.plist */ = {isa = PBXFileReference; lastKnownFileType = text.plist.xml; path = Info.plist; sourceTree = "<group>"; };
		6526D07C2B50F6AE0037EE0F /* APIController.swift */ = {isa = PBXFileReference; lastKnownFileType = sourcecode.swift; path = APIController.swift; sourceTree = "<group>"; };
		6526D0812B51145F0037EE0F /* InfoViewController.swift */ = {isa = PBXFileReference; lastKnownFileType = sourcecode.swift; path = InfoViewController.swift; sourceTree = "<group>"; };
		6526D0822B51145F0037EE0F /* InfoViewController.xib */ = {isa = PBXFileReference; lastKnownFileType = file.xib; path = InfoViewController.xib; sourceTree = "<group>"; };
		6526D0852B512B600037EE0F /* DataStruct.swift */ = {isa = PBXFileReference; lastKnownFileType = sourcecode.swift; path = DataStruct.swift; sourceTree = "<group>"; };
		6526D0882B512DC80037EE0F /* InfoViewModel.swift */ = {isa = PBXFileReference; lastKnownFileType = sourcecode.swift; path = InfoViewModel.swift; sourceTree = "<group>"; };
		6526D08F2B5268A30037EE0F /* FriendListViewController.swift */ = {isa = PBXFileReference; lastKnownFileType = sourcecode.swift; path = FriendListViewController.swift; sourceTree = "<group>"; };
		6526D0902B5268A30037EE0F /* FriendListViewController.xib */ = {isa = PBXFileReference; lastKnownFileType = file.xib; path = FriendListViewController.xib; sourceTree = "<group>"; };
		6526D0932B526C9B0037EE0F /* FriendViewCell.swift */ = {isa = PBXFileReference; lastKnownFileType = sourcecode.swift; path = FriendViewCell.swift; sourceTree = "<group>"; };
		6526D0942B526C9B0037EE0F /* FriendViewCell.xib */ = {isa = PBXFileReference; lastKnownFileType = file.xib; path = FriendViewCell.xib; sourceTree = "<group>"; };
		6526D09B2B527EB00037EE0F /* FriendListSearchResultTableViewController.swift */ = {isa = PBXFileReference; lastKnownFileType = sourcecode.swift; path = FriendListSearchResultTableViewController.swift; sourceTree = "<group>"; };
		6526D0A52B52B2320037EE0F /* InvitationListCollectionViewController.swift */ = {isa = PBXFileReference; lastKnownFileType = sourcecode.swift; path = InvitationListCollectionViewController.swift; sourceTree = "<group>"; };
		6526D0A62B52B2320037EE0F /* InvitationListCollectionViewController.xib */ = {isa = PBXFileReference; lastKnownFileType = file.xib; path = InvitationListCollectionViewController.xib; sourceTree = "<group>"; };
		6526D0A92B52B26E0037EE0F /* InvitationCollectionViewCell.swift */ = {isa = PBXFileReference; lastKnownFileType = sourcecode.swift; path = InvitationCollectionViewCell.swift; sourceTree = "<group>"; };
		6526D0AA2B52B26E0037EE0F /* InvitationCollectionViewCell.xib */ = {isa = PBXFileReference; lastKnownFileType = file.xib; path = InvitationCollectionViewCell.xib; sourceTree = "<group>"; };
/* End PBXFileReference section */

/* Begin PBXFrameworksBuildPhase section */
		6526D0622B50F6830037EE0F /* Frameworks */ = {
			isa = PBXFrameworksBuildPhase;
			buildActionMask = 2147483647;
			files = (
			);
			runOnlyForDeploymentPostprocessing = 0;
		};
/* End PBXFrameworksBuildPhase section */

/* Begin PBXGroup section */
		6526D05C2B50F6830037EE0F = {
			isa = PBXGroup;
			children = (
				6526D0672B50F6830037EE0F /* NewApp */,
				6526D0662B50F6830037EE0F /* Products */,
			);
			sourceTree = "<group>";
		};
		6526D0662B50F6830037EE0F /* Products */ = {
			isa = PBXGroup;
			children = (
				6526D0652B50F6830037EE0F /* NewApp.app */,
			);
			name = Products;
			sourceTree = "<group>";
		};
		6526D0672B50F6830037EE0F /* NewApp */ = {
			isa = PBXGroup;
			children = (
				6526D0682B50F6830037EE0F /* AppDelegate.swift */,
				6526D06A2B50F6830037EE0F /* SceneDelegate.swift */,
				6526D06C2B50F6830037EE0F /* ViewController.swift */,
				6526D0872B512DA10037EE0F /* IInfo */,
				6526D07E2B50F6B10037EE0F /* API */,
				6526D06E2B50F6830037EE0F /* Main.storyboard */,
				6526D0712B50F6840037EE0F /* Assets.xcassets */,
				6526D0732B50F6840037EE0F /* LaunchScreen.storyboard */,
				6526D0762B50F6840037EE0F /* Info.plist */,
			);
			path = NewApp;
			sourceTree = "<group>";
		};
		6526D07E2B50F6B10037EE0F /* API */ = {
			isa = PBXGroup;
			children = (
				6526D07C2B50F6AE0037EE0F /* APIController.swift */,
				6526D0852B512B600037EE0F /* DataStruct.swift */,
			);
			path = API;
			sourceTree = "<group>";
		};
		6526D0872B512DA10037EE0F /* IInfo */ = {
			isa = PBXGroup;
			children = (
				6526D0812B51145F0037EE0F /* InfoViewController.swift */,
				6526D0822B51145F0037EE0F /* InfoViewController.xib */,
				6526D0882B512DC80037EE0F /* InfoViewModel.swift */,
				6526D08A2B52676D0037EE0F /* SubViews */,
			);
			path = IInfo;
			sourceTree = "<group>";
		};
		6526D08A2B52676D0037EE0F /* SubViews */ = {
			isa = PBXGroup;
			children = (
				6526D08F2B5268A30037EE0F /* FriendListViewController.swift */,
				6526D0902B5268A30037EE0F /* FriendListViewController.xib */,
				6526D09B2B527EB00037EE0F /* FriendListSearchResultTableViewController.swift */,
				6526D0932B526C9B0037EE0F /* FriendViewCell.swift */,
				6526D0942B526C9B0037EE0F /* FriendViewCell.xib */,
				6526D0A52B52B2320037EE0F /* InvitationListCollectionViewController.swift */,
				6526D0A62B52B2320037EE0F /* InvitationListCollectionViewController.xib */,
				6526D0A92B52B26E0037EE0F /* InvitationCollectionViewCell.swift */,
				6526D0AA2B52B26E0037EE0F /* InvitationCollectionViewCell.xib */,
			);
			path = SubViews;
			sourceTree = "<group>";
		};
/* End PBXGroup section */

/* Begin PBXNativeTarget section */
		6526D0642B50F6830037EE0F /* NewApp */ = {
			isa = PBXNativeTarget;
			buildConfigurationList = 6526D0792B50F6840037EE0F /* Build configuration list for PBXNativeTarget "NewApp" */;
			buildPhases = (
				6526D0612B50F6830037EE0F /* Sources */,
				6526D0622B50F6830037EE0F /* Frameworks */,
				6526D0632B50F6830037EE0F /* Resources */,
			);
			buildRules = (
			);
			dependencies = (
			);
			name = NewApp;
			productName = NewApp;
			productReference = 6526D0652B50F6830037EE0F /* NewApp.app */;
			productType = "com.apple.product-type.application";
		};
/* End PBXNativeTarget section */

/* Begin PBXProject section */
		6526D05D2B50F6830037EE0F /* Project object */ = {
			isa = PBXProject;
			attributes = {
				BuildIndependentTargetsInParallel = 1;
				LastSwiftUpdateCheck = 1500;
				LastUpgradeCheck = 1500;
				TargetAttributes = {
					6526D0642B50F6830037EE0F = {
						CreatedOnToolsVersion = 15.0;
					};
				};
			};
			buildConfigurationList = 6526D0602B50F6830037EE0F /* Build configuration list for PBXProject "NewApp" */;
			compatibilityVersion = "Xcode 14.0";
			developmentRegion = en;
			hasScannedForEncodings = 0;
			knownRegions = (
				en,
				Base,
			);
			mainGroup = 6526D05C2B50F6830037EE0F;
			productRefGroup = 6526D0662B50F6830037EE0F /* Products */;
			projectDirPath = "";
			projectRoot = "";
			targets = (
				6526D0642B50F6830037EE0F /* NewApp */,
			);
		};
/* End PBXProject section */

/* Begin PBXResourcesBuildPhase section */
		6526D0632B50F6830037EE0F /* Resources */ = {
			isa = PBXResourcesBuildPhase;
			buildActionMask = 2147483647;
			files = (
				6526D0A82B52B2320037EE0F /* InvitationListCollectionViewController.xib in Resources */,
				6526D0752B50F6840037EE0F /* LaunchScreen.storyboard in Resources */,
				6526D0922B5268A30037EE0F /* FriendListViewController.xib in Resources */,
				6526D0962B526C9B0037EE0F /* FriendViewCell.xib in Resources */,
				6526D0AC2B52B26E0037EE0F /* InvitationCollectionViewCell.xib in Resources */,
				6526D0722B50F6840037EE0F /* Assets.xcassets in Resources */,
				6526D0842B51145F0037EE0F /* InfoViewController.xib in Resources */,
				6526D0702B50F6830037EE0F /* Main.storyboard in Resources */,
			);
			runOnlyForDeploymentPostprocessing = 0;
		};
/* End PBXResourcesBuildPhase section */

/* Begin PBXSourcesBuildPhase section */
		6526D0612B50F6830037EE0F /* Sources */ = {
			isa = PBXSourcesBuildPhase;
			buildActionMask = 2147483647;
			files = (
				6526D07D2B50F6AE0037EE0F /* APIController.swift in Sources */,
				6526D0912B5268A30037EE0F /* FriendListViewController.swift in Sources */,
				6526D06D2B50F6830037EE0F /* ViewController.swift in Sources */,
				6526D0952B526C9B0037EE0F /* FriendViewCell.swift in Sources */,
				6526D0A72B52B2320037EE0F /* InvitationListCollectionViewController.swift in Sources */,
				6526D0862B512B600037EE0F /* DataStruct.swift in Sources */,
				6526D0692B50F6830037EE0F /* AppDelegate.swift in Sources */,
				6526D0AB2B52B26E0037EE0F /* InvitationCollectionViewCell.swift in Sources */,
				6526D0892B512DC80037EE0F /* InfoViewModel.swift in Sources */,
				6526D09C2B527EB00037EE0F /* FriendListSearchResultTableViewController.swift in Sources */,
				6526D06B2B50F6830037EE0F /* SceneDelegate.swift in Sources */,
				6526D0832B51145F0037EE0F /* InfoViewController.swift in Sources */,
			);
			runOnlyForDeploymentPostprocessing = 0;
		};
/* End PBXSourcesBuildPhase section */

/* Begin PBXVariantGroup section */
		6526D06E2B50F6830037EE0F /* Main.storyboard */ = {
			isa = PBXVariantGroup;
			children = (
				6526D06F2B50F6830037EE0F /* Base */,
			);
			name = Main.storyboard;
			sourceTree = "<group>";
		};
		6526D0732B50F6840037EE0F /* LaunchScreen.storyboard */ = {
			isa = PBXVariantGroup;
			children = (
				6526D0742B50F6840037EE0F /* Base */,
			);
			name = LaunchScreen.storyboard;
			sourceTree = "<group>";
		};
/* End PBXVariantGroup section */

/* Begin XCBuildConfiguration section */
		6526D0772B50F6840037EE0F /* Debug */ = {
			isa = XCBuildConfiguration;
			buildSettings = {
				ALWAYS_SEARCH_USER_PATHS = NO;
				ASSETCATALOG_COMPILER_GENERATE_SWIFT_ASSET_SYMBOL_EXTENSIONS = YES;
				CLANG_ANALYZER_NONNULL = YES;
				CLANG_ANALYZER_NUMBER_OBJECT_CONVERSION = YES_AGGRESSIVE;
				CLANG_CXX_LANGUAGE_STANDARD = "gnu++20";
				CLANG_ENABLE_MODULES = YES;
				CLANG_ENABLE_OBJC_ARC = YES;
				CLANG_ENABLE_OBJC_WEAK = YES;
				CLANG_WARN_BLOCK_CAPTURE_AUTORELEASING = YES;
				CLANG_WARN_BOOL_CONVERSION = YES;
				CLANG_WARN_COMMA = YES;
				CLANG_WARN_CONSTANT_CONVERSION = YES;
				CLANG_WARN_DEPRECATED_OBJC_IMPLEMENTATIONS = YES;
				CLANG_WARN_DIRECT_OBJC_ISA_USAGE = YES_ERROR;
				CLANG_WARN_DOCUMENTATION_COMMENTS = YES;
				CLANG_WARN_EMPTY_BODY = YES;
				CLANG_WARN_ENUM_CONVERSION = YES;
				CLANG_WARN_INFINITE_RECURSION = YES;
				CLANG_WARN_INT_CONVERSION = YES;
				CLANG_WARN_NON_LITERAL_NULL_CONVERSION = YES;
				CLANG_WARN_OBJC_IMPLICIT_RETAIN_SELF = YES;
				CLANG_WARN_OBJC_LITERAL_CONVERSION = YES;
				CLANG_WARN_OBJC_ROOT_CLASS = YES_ERROR;
				CLANG_WARN_QUOTED_INCLUDE_IN_FRAMEWORK_HEADER = YES;
				CLANG_WARN_RANGE_LOOP_ANALYSIS = YES;
				CLANG_WARN_STRICT_PROTOTYPES = YES;
				CLANG_WARN_SUSPICIOUS_MOVE = YES;
				CLANG_WARN_UNGUARDED_AVAILABILITY = YES_AGGRESSIVE;
				CLANG_WARN_UNREACHABLE_CODE = YES;
				CLANG_WARN__DUPLICATE_METHOD_MATCH = YES;
				COPY_PHASE_STRIP = NO;
				DEBUG_INFORMATION_FORMAT = dwarf;
				ENABLE_STRICT_OBJC_MSGSEND = YES;
				ENABLE_TESTABILITY = YES;
				ENABLE_USER_SCRIPT_SANDBOXING = YES;
				GCC_C_LANGUAGE_STANDARD = gnu17;
				GCC_DYNAMIC_NO_PIC = NO;
				GCC_NO_COMMON_BLOCKS = YES;
				GCC_OPTIMIZATION_LEVEL = 0;
				GCC_PREPROCESSOR_DEFINITIONS = (
					"DEBUG=1",
					"$(inherited)",
				);
				GCC_WARN_64_TO_32_BIT_CONVERSION = YES;
				GCC_WARN_ABOUT_RETURN_TYPE = YES_ERROR;
				GCC_WARN_UNDECLARED_SELECTOR = YES;
				GCC_WARN_UNINITIALIZED_AUTOS = YES_AGGRESSIVE;
				GCC_WARN_UNUSED_FUNCTION = YES;
				GCC_WARN_UNUSED_VARIABLE = YES;
				IPHONEOS_DEPLOYMENT_TARGET = 17.0;
				LOCALIZATION_PREFERS_STRING_CATALOGS = YES;
				MTL_ENABLE_DEBUG_INFO = INCLUDE_SOURCE;
				MTL_FAST_MATH = YES;
				ONLY_ACTIVE_ARCH = YES;
				SDKROOT = iphoneos;
				SWIFT_ACTIVE_COMPILATION_CONDITIONS = "DEBUG $(inherited)";
				SWIFT_OPTIMIZATION_LEVEL = "-Onone";
			};
			name = Debug;
		};
		6526D0782B50F6840037EE0F /* Release */ = {
			isa = XCBuildConfiguration;
			buildSettings = {
				ALWAYS_SEARCH_USER_PATHS = NO;
				ASSETCATALOG_COMPILER_GENERATE_SWIFT_ASSET_SYMBOL_EXTENSIONS = YES;
				CLANG_ANALYZER_NONNULL = YES;
				CLANG_ANALYZER_NUMBER_OBJECT_CONVERSION = YES_AGGRESSIVE;
				CLANG_CXX_LANGUAGE_STANDARD = "gnu++20";
				CLANG_ENABLE_MODULES = YES;
				CLANG_ENABLE_OBJC_ARC = YES;
				CLANG_ENABLE_OBJC_WEAK = YES;
				CLANG_WARN_BLOCK_CAPTURE_AUTORELEASING = YES;
				CLANG_WARN_BOOL_CONVERSION = YES;
				CLANG_WARN_COMMA = YES;
				CLANG_WARN_CONSTANT_CONVERSION = YES;
				CLANG_WARN_DEPRECATED_OBJC_IMPLEMENTATIONS = YES;
				CLANG_WARN_DIRECT_OBJC_ISA_USAGE = YES_ERROR;
				CLANG_WARN_DOCUMENTATION_COMMENTS = YES;
				CLANG_WARN_EMPTY_BODY = YES;
				CLANG_WARN_ENUM_CONVERSION = YES;
				CLANG_WARN_INFINITE_RECURSION = YES;
				CLANG_WARN_INT_CONVERSION = YES;
				CLANG_WARN_NON_LITERAL_NULL_CONVERSION = YES;
				CLANG_WARN_OBJC_IMPLICIT_RETAIN_SELF = YES;
				CLANG_WARN_OBJC_LITERAL_CONVERSION = YES;
				CLANG_WARN_OBJC_ROOT_CLASS = YES_ERROR;
				CLANG_WARN_QUOTED_INCLUDE_IN_FRAMEWORK_HEADER = YES;
				CLANG_WARN_RANGE_LOOP_ANALYSIS = YES;
				CLANG_WARN_STRICT_PROTOTYPES = YES;
				CLANG_WARN_SUSPICIOUS_MOVE = YES;
				CLANG_WARN_UNGUARDED_AVAILABILITY = YES_AGGRESSIVE;
				CLANG_WARN_UNREACHABLE_CODE = YES;
				CLANG_WARN__DUPLICATE_METHOD_MATCH = YES;
				COPY_PHASE_STRIP = NO;
				DEBUG_INFORMATION_FORMAT = "dwarf-with-dsym";
				ENABLE_NS_ASSERTIONS = NO;
				ENABLE_STRICT_OBJC_MSGSEND = YES;
				ENABLE_USER_SCRIPT_SANDBOXING = YES;
				GCC_C_LANGUAGE_STANDARD = gnu17;
				GCC_NO_COMMON_BLOCKS = YES;
				GCC_WARN_64_TO_32_BIT_CONVERSION = YES;
				GCC_WARN_ABOUT_RETURN_TYPE = YES_ERROR;
				GCC_WARN_UNDECLARED_SELECTOR = YES;
				GCC_WARN_UNINITIALIZED_AUTOS = YES_AGGRESSIVE;
				GCC_WARN_UNUSED_FUNCTION = YES;
				GCC_WARN_UNUSED_VARIABLE = YES;
				IPHONEOS_DEPLOYMENT_TARGET = 17.0;
				LOCALIZATION_PREFERS_STRING_CATALOGS = YES;
				MTL_ENABLE_DEBUG_INFO = NO;
				MTL_FAST_MATH = YES;
				SDKROOT = iphoneos;
				SWIFT_COMPILATION_MODE = wholemodule;
				VALIDATE_PRODUCT = YES;
			};
			name = Release;
		};
		6526D07A2B50F6840037EE0F /* Debug */ = {
			isa = XCBuildConfiguration;
			buildSettings = {
				ASSETCATALOG_COMPILER_APPICON_NAME = AppIcon;
				ASSETCATALOG_COMPILER_GLOBAL_ACCENT_COLOR_NAME = AccentColor;
				CODE_SIGN_STYLE = Automatic;
				CURRENT_PROJECT_VERSION = 1;
				GENERATE_INFOPLIST_FILE = YES;
				INFOPLIST_FILE = NewApp/Info.plist;
				INFOPLIST_KEY_UIApplicationSupportsIndirectInputEvents = YES;
				INFOPLIST_KEY_UILaunchStoryboardName = LaunchScreen;
				INFOPLIST_KEY_UIMainStoryboardFile = Main;
				INFOPLIST_KEY_UISupportedInterfaceOrientations_iPad = "UIInterfaceOrientationPortrait UIInterfaceOrientationPortraitUpsideDown UIInterfaceOrientationLandscapeLeft UIInterfaceOrientationLandscapeRight";
				INFOPLIST_KEY_UISupportedInterfaceOrientations_iPhone = "UIInterfaceOrientationPortrait UIInterfaceOrientationLandscapeLeft UIInterfaceOrientationLandscapeRight";
				LD_RUNPATH_SEARCH_PATHS = (
					"$(inherited)",
					"@executable_path/Frameworks",
				);
				MARKETING_VERSION = 1.0;
				PRODUCT_BUNDLE_IDENTIFIER = "new-app.NewApp";
				PRODUCT_NAME = "$(TARGET_NAME)";
				SWIFT_EMIT_LOC_STRINGS = YES;
				SWIFT_VERSION = 5.0;
				TARGETED_DEVICE_FAMILY = "1,2";
			};
			name = Debug;
		};
		6526D07B2B50F6840037EE0F /* Release */ = {
			isa = XCBuildConfiguration;
			buildSettings = {
				ASSETCATALOG_COMPILER_APPICON_NAME = AppIcon;
				ASSETCATALOG_COMPILER_GLOBAL_ACCENT_COLOR_NAME = AccentColor;
				CODE_SIGN_STYLE = Automatic;
				CURRENT_PROJECT_VERSION = 1;
				GENERATE_INFOPLIST_FILE = YES;
				INFOPLIST_FILE = NewApp/Info.plist;
				INFOPLIST_KEY_UIApplicationSupportsIndirectInputEvents = YES;
				INFOPLIST_KEY_UILaunchStoryboardName = LaunchScreen;
				INFOPLIST_KEY_UIMainStoryboardFile = Main;
				INFOPLIST_KEY_UISupportedInterfaceOrientations_iPad = "UIInterfaceOrientationPortrait UIInterfaceOrientationPortraitUpsideDown UIInterfaceOrientationLandscapeLeft UIInterfaceOrientationLandscapeRight";
				INFOPLIST_KEY_UISupportedInterfaceOrientations_iPhone = "UIInterfaceOrientationPortrait UIInterfaceOrientationLandscapeLeft UIInterfaceOrientationLandscapeRight";
				LD_RUNPATH_SEARCH_PATHS = (
					"$(inherited)",
					"@executable_path/Frameworks",
				);
				MARKETING_VERSION = 1.0;
				PRODUCT_BUNDLE_IDENTIFIER = "new-app.NewApp";
				PRODUCT_NAME = "$(TARGET_NAME)";
				SWIFT_EMIT_LOC_STRINGS = YES;
				SWIFT_VERSION = 5.0;
				TARGETED_DEVICE_FAMILY = "1,2";
			};
			name = Release;
		};
/* End XCBuildConfiguration section */

/* Begin XCConfigurationList section */
		6526D0602B50F6830037EE0F /* Build configuration list for PBXProject "NewApp" */ = {
			isa = XCConfigurationList;
			buildConfigurations = (
				6526D0772B50F6840037EE0F /* Debug */,
				6526D0782B50F6840037EE0F /* Release */,
			);
			defaultConfigurationIsVisible = 0;
			defaultConfigurationName = Release;
		};
		6526D0792B50F6840037EE0F /* Build configuration list for PBXNativeTarget "NewApp" */ = {
			isa = XCConfigurationList;
			buildConfigurations = (
				6526D07A2B50F6840037EE0F /* Debug */,
				6526D07B2B50F6840037EE0F /* Release */,
			);
			defaultConfigurationIsVisible = 0;
			defaultConfigurationName = Release;
		};
/* End XCConfigurationList section */
	};
	rootObject = 6526D05D2B50F6830037EE0F /* Project object */;
}
